<Solution>
  <Configurations>
    <Platform Name="x64" />
    <Platform Name="x86" />
  </Configurations>
  <Project Path="../Project2/Project2.vcxproj" Id="787f44ed-4186-4e29-bc3d-1ea4e0ce7da2" />
  <Project Path="../you_tube/x64/Debug/you_tube.exe">
    <BuildType Project="Release" />
    <Platform Project="x64" />
    <Properties Name="DebuggerProjectSystem">
      <Property Name="AttachLaunchAction" Value="No" />
      <Property Name="Environment" Value="По умолчанию" />
      <Property Name="Executable" Value="C:\Users\Asus\OneDrive\Desktop\Новая папка\visl2026\you_tube\x64\Debug\you_tube.exe" />
      <Property Name="IORedirection" Value="Auto" />
      <Property Name="LaunchingEngine" Value="00000000-0000-0000-0000-000000000000" />
      <Property Name="LaunchSQLEngine" Value="No" />
      <Property Name="PortSupplier" Value="00000000-0000-0000-0000-000000000000" />
      <Property Name="RemoteMachine" Value="DESKTOP-58DEG4K" />
      <Property Name="StartingDirectory" Value="C:\Users\Asus\OneDrive\Desktop\Новая папка\visl2026\you_tube\x64\Debug" />
      <Property Name="UseLegacyDebugEngines" Value="No" />
    </Properties>
  </Project>
  <Project Path="../ссылки_на_файлы/ссылки_на_файлы.vcxproj" Id="d1a7d1db-830c-4dc5-a895-36888da13cfd" />
  <Project Path="ConsoleApplication3.vcxproj" Id="db6014b5-d935-433f-bd10-22c09928d20b" />
</Solution>
